Microsoft Visual Studio Solution File, Format Version 12.00
# Visual Studio Version 17
VisualStudioVersion = 17.8.0.0
MinimumVisualStudioVersion = 17.8.0.0
Project("{9A19103F-16F7-4668-BE54-9A1E7A4F7556}") = "MojoCMS.AppHost", "MojoCMS.AppHost\MojoCMS.AppHost.csproj", "{53402335-6701-4F83-90D4-95B3F8DD4E11}"
EndProject
Project("{9A19103F-16F7-4668-BE54-9A1E7A4F7556}") = "MojoCMS.ServiceDefaults", "MojoCMS.ServiceDefaults\MojoCMS.ServiceDefaults.csproj", "{20A72C0D-AC88-4D6E-B210-2FC599D438E4}"
EndProject
Project("{9A19103F-16F7-4668-BE54-9A1E7A4F7556}") = "MojoCMS.ApiService", "MojoCMS.ApiService\MojoCMS.ApiService.csproj", "{81D34C8D-2416-4CAD-B146-21914F1F6673}"
EndProject
Project("{9A19103F-16F7-4668-BE54-9A1E7A4F7556}") = "MojoCMS.Web", "MojoCMS.Web\MojoCMS.Web.csproj", "{04683BD1-05CD-4499-8F9E-7CA6C9081317}"
EndProject
Project("{FAE04EC0-301F-11D3-BF4B-00C04F79EFBC}") = "MojoCMS.API", "MojoCMS.API\MojoCMS.API.csproj", "{1F5CA7F9-8508-432D-9AFD-CAA3B59CB076}"
EndProject
Global
	GlobalSection(SolutionConfigurationPlatforms) = preSolution
		Debug|Any CPU = Debug|Any CPU
		Release|Any CPU = Release|Any CPU
	EndGlobalSection
	GlobalSection(ProjectConfigurationPlatforms) = postSolution
		{53402335-6701-4F83-90D4-95B3F8DD4E11}.Debug|Any CPU.ActiveCfg = Debug|Any CPU
		{53402335-6701-4F83-90D4-95B3F8DD4E11}.Debug|Any CPU.Build.0 = Debug|Any CPU
		{53402335-6701-4F83-90D4-95B3F8DD4E11}.Release|Any CPU.ActiveCfg = Release|Any CPU
		{53402335-6701-4F83-90D4-95B3F8DD4E11}.Release|Any CPU.Build.0 = Release|Any CPU
		{20A72C0D-AC88-4D6E-B210-2FC599D438E4}.Debug|Any CPU.ActiveCfg = Debug|Any CPU
		{20A72C0D-AC88-4D6E-B210-2FC599D438E4}.Debug|Any CPU.Build.0 = Debug|Any CPU
		{20A72C0D-AC88-4D6E-B210-2FC599D438E4}.Release|Any CPU.ActiveCfg = Release|Any CPU
		{20A72C0D-AC88-4D6E-B210-2FC599D438E4}.Release|Any CPU.Build.0 = Release|Any CPU
		{81D34C8D-2416-4CAD-B146-21914F1F6673}.Debug|Any CPU.ActiveCfg = Debug|Any CPU
		{81D34C8D-2416-4CAD-B146-21914F1F6673}.Debug|Any CPU.Build.0 = Debug|Any CPU
		{81D34C8D-2416-4CAD-B146-21914F1F6673}.Release|Any CPU.ActiveCfg = Release|Any CPU
		{81D34C8D-2416-4CAD-B146-21914F1F6673}.Release|Any CPU.Build.0 = Release|Any CPU
		{04683BD1-05CD-4499-8F9E-7CA6C9081317}.Debug|Any CPU.ActiveCfg = Debug|Any CPU
		{04683BD1-05CD-4499-8F9E-7CA6C9081317}.Debug|Any CPU.Build.0 = Debug|Any CPU
		{04683BD1-05CD-4499-8F9E-7CA6C9081317}.Release|Any CPU.ActiveCfg = Release|Any CPU
		{04683BD1-05CD-4499-8F9E-7CA6C9081317}.Release|Any CPU.Build.0 = Release|Any CPU
		{1F5CA7F9-8508-432D-9AFD-CAA3B59CB076}.Debug|Any CPU.ActiveCfg = Debug|Any CPU
		{1F5CA7F9-8508-432D-9AFD-CAA3B59CB076}.Debug|Any CPU.Build.0 = Debug|Any CPU
		{1F5CA7F9-8508-432D-9AFD-CAA3B59CB076}.Release|Any CPU.ActiveCfg = Release|Any CPU
		{1F5CA7F9-8508-432D-9AFD-CAA3B59CB076}.Release|Any CPU.Build.0 = Release|Any CPU
	EndGlobalSection
	GlobalSection(SolutionProperties) = preSolution
		HideSolutionNode = FALSE
	EndGlobalSection
	GlobalSection(ExtensibilityGlobals) = postSolution
		SolutionGuid = {6DA5C2AB-60E9-439F-A892-0C0D212A3727}
	EndGlobalSection
EndGlobal
